
Microsoft Visual Studio Solution File, Format Version 12.00
# Visual Studio Version 16
VisualStudioVersion = 16.0.32106.194
MinimumVisualStudioVersion = 10.0.40219.1
Project("{FAE04EC0-301F-11D3-BF4B-00C04F79EFBC}") = "martridge", "src\martridge.csproj", "{0F6B7C4D-1617-4D75-9B4C-29FAD8E1663B}"
EndProject
Project("{FAE04EC0-301F-11D3-BF4B-00C04F79EFBC}") = "SharpCompress", "..\sharpcompress\src\SharpCompress\SharpCompress.csproj", "{53566BD1-BB3D-453F-BB36-3ED64E2845A7}"
EndProject
Global
	GlobalSection(SolutionConfigurationPlatforms) = preSolution
		Debug|Any CPU = Debug|Any CPU
		Release|Any CPU = Release|Any CPU
	EndGlobalSection
	GlobalSection(ProjectConfigurationPlatforms) = postSolution
		{0F6B7C4D-1617-4D75-9B4C-29FAD8E1663B}.Debug|Any CPU.ActiveCfg = Debug|Any CPU
		{0F6B7C4D-1617-4D75-9B4C-29FAD8E1663B}.Debug|Any CPU.Build.0 = Debug|Any CPU
		{0F6B7C4D-1617-4D75-9B4C-29FAD8E1663B}.Release|Any CPU.ActiveCfg = Release|Any CPU
		{0F6B7C4D-1617-4D75-9B4C-29FAD8E1663B}.Release|Any CPU.Build.0 = Release|Any CPU
		{53566BD1-BB3D-453F-BB36-3ED64E2845A7}.Debug|Any CPU.ActiveCfg = Debug|Any CPU
		{53566BD1-BB3D-453F-BB36-3ED64E2845A7}.Debug|Any CPU.Build.0 = Debug|Any CPU
		{53566BD1-BB3D-453F-BB36-3ED64E2845A7}.Release|Any CPU.ActiveCfg = Release|Any CPU
		{53566BD1-BB3D-453F-BB36-3ED64E2845A7}.Release|Any CPU.Build.0 = Release|Any CPU
	EndGlobalSection
	GlobalSection(SolutionProperties) = preSolution
		HideSolutionNode = FALSE
	EndGlobalSection
	GlobalSection(ExtensibilityGlobals) = postSolution
		SolutionGuid = {A2A0B444-19CD-4EBE-84D7-55AD64987695}
	EndGlobalSection
EndGlobal
